
Microsoft Visual Studio Solution File, Format Version 12.00
# Visual Studio Version 16
VisualStudioVersion = 16.0.30225.117
MinimumVisualStudioVersion = 10.0.40219.1
Project("{FAE04EC0-301F-11D3-BF4B-00C04F79EFBC}") = "PromotionEngineApp", "PromotionEngineApp\PromotionEngineApp.csproj", "{958C42C3-662E-4476-AECC-2549C5135791}"
EndProject
Global
	GlobalSection(SolutionConfigurationPlatforms) = preSolution
		Debug|Any CPU = Debug|Any CPU
		Release|Any CPU = Release|Any CPU
	EndGlobalSection
	GlobalSection(ProjectConfigurationPlatforms) = postSolution
		{958C42C3-662E-4476-AECC-2549C5135791}.Debug|Any CPU.ActiveCfg = Debug|Any CPU
		{958C42C3-662E-4476-AECC-2549C5135791}.Debug|Any CPU.Build.0 = Debug|Any CPU
		{958C42C3-662E-4476-AECC-2549C5135791}.Release|Any CPU.ActiveCfg = Release|Any CPU
		{958C42C3-662E-4476-AECC-2549C5135791}.Release|Any CPU.Build.0 = Release|Any CPU
	EndGlobalSection
	GlobalSection(SolutionProperties) = preSolution
		HideSolutionNode = FALSE
	EndGlobalSection
	GlobalSection(ExtensibilityGlobals) = postSolution
		SolutionGuid = {D69AB43F-5C32-4FC7-8506-0CBD1DB53DFD}
	EndGlobalSection
EndGlobal
